<Project xmlns="http://schemas.microsoft.com/developer/msbuild/2003">
    <PropertyGroup>
        <ProjectGuid>{E8232777-06CB-410D-8CFE-E3935BF3CC71}</ProjectGuid>
        <ProjectVersion>18.3</ProjectVersion>
        <FrameworkType>None</FrameworkType>
        <MainSource>Server.Ativo.dpr</MainSource>
        <Base>True</Base>
        <Config Condition="'$(Config)'==''">Release</Config>
        <Platform Condition="'$(Platform)'==''">Win64</Platform>
        <TargetedPlatforms>131</TargetedPlatforms>
        <AppType>Console</AppType>
    </PropertyGroup>
    <PropertyGroup Condition="'$(Config)'=='Base' or '$(Base)'!=''">
        <Base>true</Base>
    </PropertyGroup>
    <PropertyGroup Condition="('$(Platform)'=='Android' and '$(Base)'=='true') or '$(Base_Android)'!=''">
        <Base_Android>true</Base_Android>
        <CfgParent>Base</CfgParent>
        <Base>true</Base>
    </PropertyGroup>
    <PropertyGroup Condition="('$(Platform)'=='iOSDevice32' and '$(Base)'=='true') or '$(Base_iOSDevice32)'!=''">
        <Base_iOSDevice32>true</Base_iOSDevice32>
        <CfgParent>Base</CfgParent>
        <Base>true</Base>
    </PropertyGroup>
    <PropertyGroup Condition="('$(Platform)'=='iOSDevice64' and '$(Base)'=='true') or '$(Base_iOSDevice64)'!=''">
        <Base_iOSDevice64>true</Base_iOSDevice64>
        <CfgParent>Base</CfgParent>
        <Base>true</Base>
    </PropertyGroup>
    <PropertyGroup Condition="('$(Platform)'=='iOSSimulator' and '$(Base)'=='true') or '$(Base_iOSSimulator)'!=''">
        <Base_iOSSimulator>true</Base_iOSSimulator>
        <CfgParent>Base</CfgParent>
        <Base>true</Base>
    </PropertyGroup>
    <PropertyGroup Condition="('$(Platform)'=='Linux64' and '$(Base)'=='true') or '$(Base_Linux64)'!=''">
        <Base_Linux64>true</Base_Linux64>
        <CfgParent>Base</CfgParent>
        <Base>true</Base>
    </PropertyGroup>
    <PropertyGroup Condition="('$(Platform)'=='OSX32' and '$(Base)'=='true') or '$(Base_OSX32)'!=''">
        <Base_OSX32>true</Base_OSX32>
        <CfgParent>Base</CfgParent>
        <Base>true</Base>
    </PropertyGroup>
    <PropertyGroup Condition="('$(Platform)'=='Win32' and '$(Base)'=='true') or '$(Base_Win32)'!=''">
        <Base_Win32>true</Base_Win32>
        <CfgParent>Base</CfgParent>
        <Base>true</Base>
    </PropertyGroup>
    <PropertyGroup Condition="('$(Platform)'=='Win64' and '$(Base)'=='true') or '$(Base_Win64)'!=''">
        <Base_Win64>true</Base_Win64>
        <CfgParent>Base</CfgParent>
        <Base>true</Base>
    </PropertyGroup>
    <PropertyGroup Condition="'$(Config)'=='Debug' or '$(Cfg_1)'!=''">
        <Cfg_1>true</Cfg_1>
        <CfgParent>Base</CfgParent>
        <Base>true</Base>
    </PropertyGroup>
    <PropertyGroup Condition="('$(Platform)'=='Linux64' and '$(Cfg_1)'=='true') or '$(Cfg_1_Linux64)'!=''">
        <Cfg_1_Linux64>true</Cfg_1_Linux64>
        <CfgParent>Cfg_1</CfgParent>
        <Cfg_1>true</Cfg_1>
        <Base>true</Base>
    </PropertyGroup>
    <PropertyGroup Condition="('$(Platform)'=='Win32' and '$(Cfg_1)'=='true') or '$(Cfg_1_Win32)'!=''">
        <Cfg_1_Win32>true</Cfg_1_Win32>
        <CfgParent>Cfg_1</CfgParent>
        <Cfg_1>true</Cfg_1>
        <Base>true</Base>
    </PropertyGroup>
    <PropertyGroup Condition="('$(Platform)'=='Win64' and '$(Cfg_1)'=='true') or '$(Cfg_1_Win64)'!=''">
        <Cfg_1_Win64>true</Cfg_1_Win64>
        <CfgParent>Cfg_1</CfgParent>
        <Cfg_1>true</Cfg_1>
        <Base>true</Base>
    </PropertyGroup>
    <PropertyGroup Condition="'$(Config)'=='Release' or '$(Cfg_2)'!=''">
        <Cfg_2>true</Cfg_2>
        <CfgParent>Base</CfgParent>
        <Base>true</Base>
    </PropertyGroup>
    <PropertyGroup Condition="('$(Platform)'=='Linux64' and '$(Cfg_2)'=='true') or '$(Cfg_2_Linux64)'!=''">
        <Cfg_2_Linux64>true</Cfg_2_Linux64>
        <CfgParent>Cfg_2</CfgParent>
        <Cfg_2>true</Cfg_2>
        <Base>true</Base>
    </PropertyGroup>
    <PropertyGroup Condition="('$(Platform)'=='Win64' and '$(Cfg_2)'=='true') or '$(Cfg_2_Win64)'!=''">
        <Cfg_2_Win64>true</Cfg_2_Win64>
        <CfgParent>Cfg_2</CfgParent>
        <Cfg_2>true</Cfg_2>
        <Base>true</Base>
    </PropertyGroup>
    <PropertyGroup Condition="'$(Base)'!=''">
        <DCC_DcuOutput>.\$(Platform)\$(Config)</DCC_DcuOutput>
        <DCC_ExeOutput>.\$(Platform)\$(Config)</DCC_ExeOutput>
        <DCC_E>false</DCC_E>
        <DCC_N>false</DCC_N>
        <DCC_S>false</DCC_S>
        <DCC_F>false</DCC_F>
        <DCC_K>false</DCC_K>
        <DCC_UsePackage>RESTBackendComponents;soaprtl;soapmidas;RESTComponents;DataSnapFireDAC;FireDACIBDriver;emsclient;FireDACCommon;soapserver;FireDACCommonDriver;inet;FireDAC;FireDACSqliteDriver;$(DCC_UsePackage)</DCC_UsePackage>
        <DCC_Namespace>System;Xml;Data;Datasnap;Web;Soap;$(DCC_Namespace)</DCC_Namespace>
        <SanitizedProjectName>Server_Ativo</SanitizedProjectName>
    </PropertyGroup>
    <PropertyGroup Condition="'$(Base_Android)'!=''">
        <DCC_UsePackage>DBXSqliteDriver;PKIPDFBBox;PGPMIMEBBox;SFTPBBoxSrv;PGPBBox;ASiCBBox;FireDACDBXDriver;DAVBBoxCli;ZIPBBox;EDIBBox;bindengine;SAMLBBoxSrv;DataSnapClient;IndyIPServer;IndySystem;XMLBBox;fmxFireDAC;DsgnBBox;FMXTee;DbxCommonDriver;xmlrtl;DataSnapNativeClient;rtl;DbxClientDriver;IndyIPClient;BaseBBox;DataSnapProviderClient;MailBBox;SFTPBBoxCli;DBXInterBaseDriver;SAMLBBox;DAVBBoxSrv;SSHBBoxCli;FmxTeeUI;PDFBBox;fmx;SSHBBoxSrv;CloudBBox;PGPTLSBBox;dbexpress;IndyCore;OfficeBBox;dsnap;DataSnapCommon;FTPSBBoxCli;SOAPBBoxCli;MIMEBBox;IndyIPCommon;XMLBBoxSec;FTPSBBoxSrv;PKIBBox;HTTPBBoxCli;PKISSHBBox;FireDACDSDriver;CustomIPTransport;SMIMECAdESBBox;SSLBBoxCli;SSLBBoxSrv;HTTPBBoxSrv;SMIMEBBox;dbxcds;PGPSSHBBox;dsnapxml;dbrtl;IndyProtocols;LDAPBBox;$(DCC_UsePackage)</DCC_UsePackage>
        <Android_LauncherIcon36>$(BDS)\bin\Artwork\Android\FM_LauncherIcon_36x36.png</Android_LauncherIcon36>
        <Android_LauncherIcon48>$(BDS)\bin\Artwork\Android\FM_LauncherIcon_48x48.png</Android_LauncherIcon48>
        <Android_LauncherIcon72>$(BDS)\bin\Artwork\Android\FM_LauncherIcon_72x72.png</Android_LauncherIcon72>
        <Android_LauncherIcon96>$(BDS)\bin\Artwork\Android\FM_LauncherIcon_96x96.png</Android_LauncherIcon96>
        <Android_LauncherIcon144>$(BDS)\bin\Artwork\Android\FM_LauncherIcon_144x144.png</Android_LauncherIcon144>
        <Android_SplashImage426>$(BDS)\bin\Artwork\Android\FM_SplashImage_426x320.png</Android_SplashImage426>
        <Android_SplashImage470>$(BDS)\bin\Artwork\Android\FM_SplashImage_470x320.png</Android_SplashImage470>
        <Android_SplashImage640>$(BDS)\bin\Artwork\Android\FM_SplashImage_640x480.png</Android_SplashImage640>
        <Android_SplashImage960>$(BDS)\bin\Artwork\Android\FM_SplashImage_960x720.png</Android_SplashImage960>
        <EnabledSysJars>android-support-v4.dex.jar;cloud-messaging.dex.jar;fmx.dex.jar;google-analytics-v2.dex.jar;google-play-billing.dex.jar;google-play-licensing.dex.jar;google-play-services.dex.jar</EnabledSysJars>
    </PropertyGroup>
    <PropertyGroup Condition="'$(Base_iOSDevice32)'!=''">
        <DCC_UsePackage>DBXSqliteDriver;PKIPDFBBox;PGPMIMEBBox;SFTPBBoxSrv;PGPBBox;ASiCBBox;FireDACDBXDriver;DAVBBoxCli;ZIPBBox;EDIBBox;bindengine;SAMLBBoxSrv;DataSnapClient;IndyIPServer;IndySystem;XMLBBox;fmxFireDAC;DsgnBBox;FMXTee;DbxCommonDriver;xmlrtl;DataSnapNativeClient;rtl;DbxClientDriver;IndyIPClient;BaseBBox;DataSnapProviderClient;MailBBox;SFTPBBoxCli;DBXInterBaseDriver;SAMLBBox;DAVBBoxSrv;SSHBBoxCli;FmxTeeUI;PDFBBox;fmx;SSHBBoxSrv;CloudBBox;PGPTLSBBox;dbexpress;IndyCore;OfficeBBox;dsnap;DataSnapCommon;FTPSBBoxCli;SOAPBBoxCli;MIMEBBox;IndyIPCommon;XMLBBoxSec;FTPSBBoxSrv;PKIBBox;HTTPBBoxCli;PKISSHBBox;FireDACDSDriver;CustomIPTransport;SMIMECAdESBBox;SSLBBoxCli;SSLBBoxSrv;HTTPBBoxSrv;SMIMEBBox;dbxcds;PGPSSHBBox;dsnapxml;dbrtl;IndyProtocols;LDAPBBox;fmxase;$(DCC_UsePackage)</DCC_UsePackage>
    </PropertyGroup>
    <PropertyGroup Condition="'$(Base_iOSDevice64)'!=''">
        <DCC_UsePackage>DBXSqliteDriver;FireDACDBXDriver;bindengine;DataSnapClient;IndyIPServer;IndySystem;fmxFireDAC;FMXTee;DbxCommonDriver;xmlrtl;DataSnapNativeClient;rtl;DbxClientDriver;spCentralNotificacoes;IndyIPClient;DataSnapProviderClient;DBXInterBaseDriver;FmxTeeUI;fmx;dbexpress;IndyCore;dsnap;DataSnapCommon;IndyIPCommon;FireDACDSDriver;CustomIPTransport;dbxcds;dsnapxml;dbrtl;IndyProtocols;fmxase;$(DCC_UsePackage)</DCC_UsePackage>
    </PropertyGroup>
    <PropertyGroup Condition="'$(Base_iOSSimulator)'!=''">
        <DCC_UsePackage>DBXSqliteDriver;PKIPDFBBox;PGPMIMEBBox;SFTPBBoxSrv;PGPBBox;ASiCBBox;FireDACDBXDriver;DAVBBoxCli;ZIPBBox;EDIBBox;bindengine;SAMLBBoxSrv;DataSnapClient;IndyIPServer;IndySystem;XMLBBox;fmxFireDAC;DsgnBBox;FMXTee;DbxCommonDriver;xmlrtl;DataSnapNativeClient;rtl;DbxClientDriver;IndyIPClient;BaseBBox;DataSnapProviderClient;MailBBox;SFTPBBoxCli;DBXInterBaseDriver;SAMLBBox;DAVBBoxSrv;SSHBBoxCli;FmxTeeUI;PDFBBox;fmx;SSHBBoxSrv;CloudBBox;PGPTLSBBox;dbexpress;IndyCore;OfficeBBox;dsnap;DataSnapCommon;FTPSBBoxCli;SOAPBBoxCli;MIMEBBox;IndyIPCommon;XMLBBoxSec;FTPSBBoxSrv;PKIBBox;HTTPBBoxCli;PKISSHBBox;FireDACDSDriver;CustomIPTransport;SMIMECAdESBBox;SSLBBoxCli;SSLBBoxSrv;HTTPBBoxSrv;SMIMEBBox;dbxcds;PGPSSHBBox;dsnapxml;dbrtl;IndyProtocols;LDAPBBox;fmxase;$(DCC_UsePackage)</DCC_UsePackage>
    </PropertyGroup>
    <PropertyGroup Condition="'$(Base_Linux64)'!=''">
        <DCC_UsePackage>FireDACADSDriver;FireDACMSSQLDriver;bindengine;FireDACMySQLDriver;DataSnapClient;IndySystem;FireDACInfxDriver;emshosting;FireDACTDataDriver;DbxCommonDriver;xmlrtl;DataSnapNativeClient;rtl;DbxClientDriver;spCentralNotificacoes;FireDACODBCDriver;DataSnapIndy10ServerTransport;FireDACMongoDBDriver;DataSnapServerMidas;DatasnapConnectorsFreePascal;inetdb;emsedge;dbexpress;IndyCore;dsnap;DataSnapCommon;DataSnapConnectors;FireDACOracleDriver;FireDACCommonODBC;FireDACDb2Driver;FireDACPgDriver;FireDACASADriver;DataSnapServer;CustomIPTransport;dbxcds;dsnapxml;dbrtl;IndyProtocols;$(DCC_UsePackage)</DCC_UsePackage>
    </PropertyGroup>
    <PropertyGroup Condition="'$(Base_OSX32)'!=''">
        <DCC_UsePackage>DBXSqliteDriver;FireDACMSSQLDriver;PKIPDFBBox;PGPMIMEBBox;SFTPBBoxSrv;PGPBBox;ASiCBBox;FireDACDBXDriver;DAVBBoxCli;ZIPBBox;EDIBBox;bindengine;FireDACMySQLDriver;SAMLBBoxSrv;DataSnapClient;IndyIPServer;IndySystem;XMLBBox;fmxFireDAC;emshosting;DsgnBBox;FireDACTDataDriver;FMXTee;DbxCommonDriver;xmlrtl;DataSnapNativeClient;fmxobj;rtl;DbxClientDriver;DBXSybaseASADriver;IndyIPClient;FireDACODBCDriver;BaseBBox;DataSnapIndy10ServerTransport;DataSnapProviderClient;MailBBox;FireDACMongoDBDriver;SFTPBBoxCli;DataSnapServerMidas;DBXInterBaseDriver;SAMLBBox;DAVBBoxSrv;SSHBBoxCli;DBXOracleDriver;inetdb;FmxTeeUI;emsedge;PDFBBox;fmx;fmxdae;SSHBBoxSrv;CloudBBox;PGPTLSBBox;dbexpress;IndyCore;OfficeBBox;dsnap;DataSnapCommon;FTPSBBoxCli;FireDACOracleDriver;DBXMySQLDriver;DBXFirebirdDriver;SOAPBBoxCli;FireDACCommonODBC;MIMEBBox;IndyIPCommon;XMLBBoxSec;FTPSBBoxSrv;PKIBBox;HTTPBBoxCli;PKISSHBBox;FireDACPgDriver;FireDACASADriver;DataSnapServer;FireDACDSDriver;CustomIPTransport;SMIMECAdESBBox;DBXInformixDriver;SSLBBoxCli;SSLBBoxSrv;HTTPBBoxSrv;SMIMEBBox;dbxcds;PGPSSHBBox;dsnapxml;dbrtl;inetdbxpress;IndyProtocols;LDAPBBox;fmxase;$(DCC_UsePackage)</DCC_UsePackage>
        <DCC_ConsoleTarget>true</DCC_ConsoleTarget>
    </PropertyGroup>
    <PropertyGroup Condition="'$(Base_Win32)'!=''">
        <DCC_UsePackage>DBXSqliteDriver;DBXDb2Driver;addictdb;dxExRw;vclactnband;tb2k;vclFireDAC;RaveVCL;spFundamentals;FireDACADSDriver;SAXKWR;EQGrid;OXml_R;JvPluginSystem;FireDACMSSQLDriver;JvBands;PKIPDFBBox;vcldb;dxsb;PGPMIMEBBox;SFTPBBoxSrv;JvJans;spCommonAPI;spOrpheus;sajD5Completo;PGPBBox;JvDotNetCtrls;rbRTL1617;cgoD5CompletoDT;sggd5completo;ASiCBBox;FireDACDBXDriver;dxExEL;vclx;spConsultas;DAVBBoxCli;ZIPBBox;EDIBBox;VCLRESTComponents;rbTCUI1617;RvCore;Box;tbxrt;vclie;bindengine;addict;JvHMI;FireDACMySQLDriver;dxcomn;SAMLBBoxSrv;scmD5Completo;DataSnapClient;spAddict;DBXSybaseASEDriver;IndyIPServer;PngComponents;IndySystem;spTablet;XMLBBox;spVCL_DT;dsnapcon;VirtualTreesR;DBPlannerPkg;FireDACMSAccDriver;fmxFireDAC;FireDACInfxDriver;vclimg;RvStandard;Jcl;RvBarcode;cgoD5Completo;prjcD5CompletoDT;spDxInspector;emshosting;RvReport;DsgnBBox;dxBarDBNavR;spCompletoDadosConsultas_DT;DBXOdbcDriver;FireDACTDataDriver;FMXTee;DreamControls;DbxCommonDriver;JvManagedThreads;xmlrtl;DataSnapNativeClient;fmxobj;JvTimeFramework;spCompletoNew_DT;rtl;spjd5Completo;DbxClientDriver;DBXSybaseASADriver;dxDBEd;JvSystem;JvStdCtrls;spCentralNotificacoes;spCompressPDF;wflD5Completo;spdxExpressBar;IndyIPClient;WPTAddict_DT;dxdbtr;vcldbx;TeeUI;dxELib;dxGrEd;HtmlLabelPkg;JvPascalInterpreter;JvDocking;VclSmp;FireDACODBCDriver;spPatternsAPI;BaseBBox;DataSnapIndy10ServerTransport;JclVcl;DataSnapProviderClient;MailBBox;FireDACMongoDBDriver;spActiveDirectory;SFTPBBoxCli;JvControls;edtd5completo;JvPrintPreview;spCompleto_DT;DataSnapServerMidas;TVidGrab;spGenesis;DBXInterBaseDriver;RvGraphics;PKIECtrl;SAMLBBox;JvGlobus;rbIDE1617;TMSLabelsButtonsPkg;DAVBBoxSrv;dxBarExtDBItemsR;DBXMSSQLDriver;JvMM;spQuickPDF;prjcD5Completo;DatasnapConnectorsFreePascal;spViewPDF;rbBDE1617;JvNet;SSHBBoxCli;DBXOracleDriver;spCommonStructures;inetdb;JvAppFrm;CEF4Delphi;spVCLStyles;sarDados;FmxTeeUI;emsedge;PDFBBox;fmx;fmxdae;SSHBBoxSrv;EQDBTL;spHTTP;CloudBBox;spPatternsImpl;JvWizards;PGPTLSBBox;dbexpress;IndyCore;OfficeBBox;dsnap;DataSnapCommon;JvPageComps;bdertl;JvDB;DataSnapConnectors;XDevice;SqlDir;sarConsultas;EQTL;JclDeveloperTools;rbRCL1617;SAXMSR;FTPSBBoxCli;EmbeddedWebBrowser;rbDB1617;FireDACOracleDriver;DBXMySQLDriver;JvCmp;ECQDBC;BurnCSP;DBXFirebirdDriver;XFormat;Json_RT;SOAPBBoxCli;FireDACCommonODBC;MIMEBBox;spZip;MSXMLRT;spImageEn;IndyIPCommon;JvCustom;ppWPToolsPack;vcl;XMLBBoxSec;FTPSBBoxSrv;JvXPCtrls;FireDACDb2Driver;PBFolderDialog;spUtils;XLSSuit;madExcept_;PKIBBox;HTTPBBoxCli;sajVideoGravador;madBasic_;TeeDB;PKISSHBBox;JvCore;VCLZipDT;dxForumLib;JvCrypt;FireDACPgDriver;FireDACASADriver;spLDAP;JvDlgs;JvRuntimeDesign;dxObjIns;WPTools;spCompletoBase;Tee;intD5Completo;DataSnapServer;vclwinx;FireDACDSDriver;dxIns;RvEngine;madDisAsm_;CustomIPTransport;vcldsnap;spCompletoNew;spDxInspector_DT;SMIMECAdESBBox;dxBarExtItemsR;DBXInformixDriver;SSLBBoxCli;dxBarR;SSLBBoxSrv;HTTPBBoxSrv;SMIMEBBox;dbxcds;SAXR;PGPSSHBBox;spSecureBlackBox;dxEdtr;rbTDBC1617;spCommonFunctions;dsnapxml;rbTC1617;dbrtl;inetdbxpress;IndyProtocols;LDAPBBox;spDUnit;JclContainers;SynEditR;spLockBox;fmxase;$(DCC_UsePackage)</DCC_UsePackage>
        <DCC_Namespace>Winapi;System.Win;Data.Win;Datasnap.Win;Web.Win;Soap.Win;Xml.Win;Bde;$(DCC_Namespace)</DCC_Namespace>
        <BT_BuildType>Debug</BT_BuildType>
        <VerInfo_Keys>CompanyName=;FileDescription=$(MSBuildProjectName);FileVersion=1.0.0.0;InternalName=;LegalCopyright=;LegalTrademarks=;OriginalFilename=;ProgramID=com.embarcadero.$(MSBuildProjectName);ProductName=$(MSBuildProjectName);ProductVersion=1.0.0.0;Comments=</VerInfo_Keys>
        <VerInfo_Locale>1033</VerInfo_Locale>
        <DCC_ConsoleTarget>true</DCC_ConsoleTarget>
        <UWP_DelphiLogo44>$(BDS)\bin\Artwork\Windows\UWP\delphi_UwpDefault_44.png</UWP_DelphiLogo44>
        <UWP_DelphiLogo150>$(BDS)\bin\Artwork\Windows\UWP\delphi_UwpDefault_150.png</UWP_DelphiLogo150>
    </PropertyGroup>
    <PropertyGroup Condition="'$(Base_Win64)'!=''">
        <DCC_UsePackage>DBXSqliteDriver;DBXDb2Driver;vclactnband;vclFireDAC;FireDACADSDriver;FireDACMSSQLDriver;PKIPDFBBox;vcldb;PGPMIMEBBox;SFTPBBoxSrv;PGPBBox;ASiCBBox;FireDACDBXDriver;vclx;DAVBBoxCli;ZIPBBox;EDIBBox;VCLRESTComponents;vclie;bindengine;FireDACMySQLDriver;SAMLBBoxSrv;DataSnapClient;DBXSybaseASEDriver;IndyIPServer;IndySystem;XMLBBox;dsnapcon;FireDACMSAccDriver;fmxFireDAC;FireDACInfxDriver;vclimg;emshosting;DsgnBBox;DBXOdbcDriver;FireDACTDataDriver;FMXTee;DbxCommonDriver;xmlrtl;DataSnapNativeClient;fmxobj;rtl;DbxClientDriver;DBXSybaseASADriver;IndyIPClient;TeeUI;VclSmp;FireDACODBCDriver;BaseBBox;DataSnapIndy10ServerTransport;DataSnapProviderClient;MailBBox;FireDACMongoDBDriver;SFTPBBoxCli;DataSnapServerMidas;DBXInterBaseDriver;SAMLBBox;DAVBBoxSrv;DBXMSSQLDriver;DatasnapConnectorsFreePascal;SSHBBoxCli;DBXOracleDriver;inetdb;CEF4Delphi;FmxTeeUI;emsedge;PDFBBox;fmx;fmxdae;SSHBBoxSrv;CloudBBox;PGPTLSBBox;dbexpress;IndyCore;OfficeBBox;dsnap;DataSnapCommon;DataSnapConnectors;FTPSBBoxCli;FireDACOracleDriver;DBXMySQLDriver;DBXFirebirdDriver;SOAPBBoxCli;FireDACCommonODBC;MIMEBBox;IndyIPCommon;vcl;XMLBBoxSec;FTPSBBoxSrv;FireDACDb2Driver;PKIBBox;HTTPBBoxCli;TeeDB;PKISSHBBox;FireDACPgDriver;FireDACASADriver;Tee;DataSnapServer;vclwinx;FireDACDSDriver;CustomIPTransport;vcldsnap;SMIMECAdESBBox;DBXInformixDriver;SSLBBoxCli;SSLBBoxSrv;HTTPBBoxSrv;SMIMEBBox;dbxcds;PGPSSHBBox;dsnapxml;dbrtl;inetdbxpress;IndyProtocols;LDAPBBox;fmxase;$(DCC_UsePackage)</DCC_UsePackage>
        <DCC_ConsoleTarget>true</DCC_ConsoleTarget>
        <UWP_DelphiLogo44>$(BDS)\bin\Artwork\Windows\UWP\delphi_UwpDefault_44.png</UWP_DelphiLogo44>
        <UWP_DelphiLogo150>$(BDS)\bin\Artwork\Windows\UWP\delphi_UwpDefault_150.png</UWP_DelphiLogo150>
        <DCC_Namespace>Winapi;System.Win;Data.Win;Datasnap.Win;Web.Win;Soap.Win;Xml.Win;$(DCC_Namespace)</DCC_Namespace>
        <BT_BuildType>Debug</BT_BuildType>
        <VerInfo_Keys>CompanyName=;FileDescription=$(MSBuildProjectName);FileVersion=1.0.0.0;InternalName=;LegalCopyright=;LegalTrademarks=;OriginalFilename=;ProgramID=com.embarcadero.$(MSBuildProjectName);ProductName=$(MSBuildProjectName);ProductVersion=1.0.0.0;Comments=</VerInfo_Keys>
        <VerInfo_Locale>1033</VerInfo_Locale>
    </PropertyGroup>
    <PropertyGroup Condition="'$(Cfg_1)'!=''">
        <DCC_Define>DEBUG;$(DCC_Define)</DCC_Define>
        <DCC_DebugDCUs>true</DCC_DebugDCUs>
        <DCC_Optimize>false</DCC_Optimize>
        <DCC_GenerateStackFrames>true</DCC_GenerateStackFrames>
        <DCC_DebugInfoInExe>true</DCC_DebugInfoInExe>
        <DCC_RemoteDebug>true</DCC_RemoteDebug>
    </PropertyGroup>
    <PropertyGroup Condition="'$(Cfg_1_Linux64)'!=''">
        <DCC_UnitSearchPath>ORMBr\Source\Core;ORMBr\Source\DataSet;ORMBr\Source\Criteria;ORMBr\Source\Middleware;ORMBr\Source\Objectset;modules\.dcp;modules\.dcu;modules;modules\cqlbr\Source\Core;modules\cqlbr\Source\Drivers;modules\cqlbr\Source;modules\dataset-serialize\src;modules\dbcbr\Source\Core;modules\dbcbr\Source\Drivers;modules\dbcbr\Source;modules\dbebr\Source\Core;modules\dbebr\Source\Drivers;modules\dbebr\Source;modules\handle-exception\src;modules\horse\src;modules\horse-cors\src;modules\horse-logger\src;modules\horse-logger-provider-console\src;modules\horse-logger-provider-logfile\src;modules\horse-utils-clientip\src;modules\jhonson\src;modules\jsonbr\Source\Core;modules\jsonbr\Source;$(DCC_UnitSearchPath)</DCC_UnitSearchPath>
        <Debugger_Launcher>/usr/bin/xterm -e &quot;%debuggee%&quot;</Debugger_Launcher>
        <Manifest_File>(None)</Manifest_File>
        <Debugger_RunParams>port:1234 log:logfull database:Server=localhost;Port=3306;Database=crm_sgr;User_Name=root;Password=root;DriverID=MySQL;</Debugger_RunParams>
    </PropertyGroup>
    <PropertyGroup Condition="'$(Cfg_1_Win32)'!=''">
        <DCC_RemoteDebug>false</DCC_RemoteDebug>
        <DCC_UnitSearchPath>ORMBr\Source\Core;ORMBr\Source\DataSet;ORMBr\Source\Criteria;ORMBr\Source\Middleware;Utils\GBJSON;modules\.dcp;modules\.dcu;modules;modules\cqlbr\Source\Core;modules\cqlbr\Source\Drivers;modules\cqlbr\Source;modules\dataset-serialize\src;modules\dbcbr\Source\Core;modules\dbcbr\Source\Drivers;modules\dbcbr\Source;modules\dbebr\Source\Core;modules\dbebr\Source\Drivers;modules\dbebr\Source;modules\handle-exception\src;modules\horse\src;modules\horse-cors\src;modules\horse-logger\src;modules\horse-logger-provider-console\src;modules\horse-logger-provider-logfile\src;modules\horse-utils-clientip\src;modules\jhonson\src;modules\jsonbr\Source\Core;modules\jsonbr\Source;C:\BKP Elvio\unj\Infotec\Inpulse-Web2.0-master\BackEnd\Server\ORMBr\Source\Objectset;$(DCC_UnitSearchPath)</DCC_UnitSearchPath>
        <VerInfo_Locale>1033</VerInfo_Locale>
        <Manifest_File>(None)</Manifest_File>
    </PropertyGroup>
    <PropertyGroup Condition="'$(Cfg_1_Win64)'!=''">
        <DCC_UnitSearchPath>ORMBr\Source\Core;ORMBr\Source\DataSet;ORMBr\Source\Criteria;ORMBr\Source\Middleware;Utils\GBJSON;modules\.dcp;modules\.dcu;modules;modules\cqlbr\Source\Core;modules\cqlbr\Source\Drivers;modules\cqlbr\Source;modules\dataset-serialize\src;modules\dbcbr\Source\Core;modules\dbcbr\Source\Drivers;modules\dbcbr\Source;modules\dbebr\Source\Core;modules\dbebr\Source\Drivers;modules\dbebr\Source;modules\handle-exception\src;modules\horse\src;modules\horse-cors\src;modules\horse-logger\src;modules\horse-logger-provider-console\src;modules\horse-logger-provider-logfile\src;modules\horse-utils-clientip\src;modules\jhonson\src;modules\jsonbr\Source\Core;modules\jsonbr\Source;C:\BKP Elvio\unj\Infotec\Inpulse-Web2.0-master\BackEnd\Server\ORMBr\Source\Objectset;$(DCC_UnitSearchPath)</DCC_UnitSearchPath>
        <VerInfo_Locale>1033</VerInfo_Locale>
        <Manifest_File>(None)</Manifest_File>
    </PropertyGroup>
    <PropertyGroup Condition="'$(Cfg_2)'!=''">
        <DCC_LocalDebugSymbols>false</DCC_LocalDebugSymbols>
        <DCC_Define>RELEASE;$(DCC_Define)</DCC_Define>
        <DCC_SymbolReferenceInfo>0</DCC_SymbolReferenceInfo>
        <DCC_DebugInformation>0</DCC_DebugInformation>
    </PropertyGroup>
    <PropertyGroup Condition="'$(Cfg_2_Linux64)'!=''">
        <DCC_UnitSearchPath>ORMBr\Source\Core;ORMBr\Source\DataSet;ORMBr\Source\Criteria;ORMBr\Source\Middleware;ORMBr\Source\Objectset;modules\.dcp;modules\.dcu;modules;modules\cqlbr\Source\Core;modules\cqlbr\Source\Drivers;modules\cqlbr\Source;modules\dataset-serialize\src;modules\dbcbr\Source\Core;modules\dbcbr\Source\Drivers;modules\dbcbr\Source;modules\dbebr\Source\Core;modules\dbebr\Source\Drivers;modules\dbebr\Source;modules\handle-exception\src;modules\horse\src;modules\horse-cors\src;modules\horse-logger\src;modules\horse-logger-provider-console\src;modules\horse-logger-provider-logfile\src;modules\horse-utils-clientip\src;modules\jhonson\src;modules\jsonbr\Source\Core;modules\jsonbr\Source;$(DCC_UnitSearchPath)</DCC_UnitSearchPath>
        <Debugger_Launcher>/usr/bin/xterm -e &quot;%debuggee%&quot;</Debugger_Launcher>
        <Manifest_File>(None)</Manifest_File>
    </PropertyGroup>
    <PropertyGroup Condition="'$(Cfg_2_Win64)'!=''">
        <DCC_UnitSearchPath>ORMBr\Source\Core;ORMBr\Source\DataSet;ORMBr\Source\Criteria;ORMBr\Source\Middleware;Utils\GBJSON;modules\.dcp;modules\.dcu;modules;modules\cqlbr\Source\Core;modules\cqlbr\Source\Drivers;modules\cqlbr\Source;modules\dataset-serialize\src;modules\dbcbr\Source\Core;modules\dbcbr\Source\Drivers;modules\dbcbr\Source;modules\dbebr\Source\Core;modules\dbebr\Source\Drivers;modules\dbebr\Source;modules\handle-exception\src;modules\horse\src;modules\horse-cors\src;modules\horse-logger\src;modules\horse-logger-provider-console\src;modules\horse-logger-provider-logfile\src;modules\horse-utils-clientip\src;modules\jhonson\src;modules\jsonbr\Source\Core;modules\jsonbr\Source;C:\BKP Elvio\unj\Infotec\Inpulse-Web2.0-master\BackEnd\Server\ORMBr\Source\Objectset;$(DCC_UnitSearchPath)</DCC_UnitSearchPath>
        <VerInfo_Locale>1033</VerInfo_Locale>
        <Manifest_File>(None)</Manifest_File>
    </PropertyGroup>
    <ItemGroup>
        <DelphiCompile Include="$(MainSource)">
            <MainSource>MainSource</MainSource>
        </DelphiCompile>
        <DCCReference Include="Base\Server.Base.Crud.pas">
            <Form>ServerBaseCrud</Form>
            <DesignClass>TDSServerModule</DesignClass>
        </DCCReference>
        <DCCReference Include="ServerContainerUnit1.pas">
            <Form>ServerContainer1</Form>
            <DesignClass>TDataModule</DesignClass>
        </DCCReference>
        <DCCReference Include="WebModuleUnit1.pas">
            <Form>WebModule1</Form>
            <DesignClass>TWebModule</DesignClass>
        </DCCReference>
        <DCCReference Include="Models\Cadastros\Server.Models.Cadastros.Operadores.pas"/>
        <DCCReference Include="Base\Server.Base.Connection.pas"/>
        <DCCReference Include="Interfaces\Server.Interfaces.Tabela.pas"/>
        <DCCReference Include="Models\Base\Server.Models.Base.TabelaBase.pas"/>
        <DCCReference Include="Models\Base\Server.Models.Base.Consulta.pas"/>
        <DCCReference Include="Controller\Cadastro\Server.Controller.Cadastro.Contatos.pas">
            <Form>Contatos</Form>
            <DesignClass>TDSServerModule</DesignClass>
        </DCCReference>
        <DCCReference Include="Models\Cadastros\Server.Models.Cadastros.Clientes.pas"/>
        <DCCReference Include="Models\Ativo\Server.Models.Ativo.DadosLigacao.pas"/>
        <DCCReference Include="Models\Cadastros\Server.Models.Cadastros.FonesCampanha.pas"/>
        <DCCReference Include="Models\Ativo\Factory\Server.Models.Ativo.DadosLigacao.Factory.pas"/>
        <DCCReference Include="Models\Cadastros\Server.Models.Cadastros.Resultados.pas"/>
        <DCCReference Include="Models\Ativo\Server.Models.Ativo.Start.pas"/>
        <DCCReference Include="Models\Cadastros\Server.Models.Cadastros.FaseContato.pas"/>
        <DCCReference Include="Models\Cadastros\Server.Models.Cadastros.ConfigMail.pas"/>
        <DCCReference Include="Controller\Ativo\Server.Controller.ConsistirFinalizarLigacao.pas"/>
        <DCCReference Include="Controller\Ativo\Server.Controller.ConsistirFinalizarLigacaoFactory.pas"/>
        <DCCReference Include="Functions\Server.Functions.Telefone.pas"/>
        <DCCReference Include="Functions\Server.Functions.Diversas.pas"/>
        <DCCReference Include="Models\Movimentos\Server.Models.Movimentos.CampanhasClientes.pas"/>
        <DCCReference Include="..\..\SIP\Models\Inpulse.SIP.Models.Resgistrar.pas"/>
        <DCCReference Include="Models\Cadastros\Server.Models.Cadastros.Cargos.pas"/>
        <DCCReference Include="Controller\Ativo\Server.Controller.Ativo.pas">
            <Form>Ativo</Form>
            <DesignClass>TDSServerModule</DesignClass>
        </DCCReference>
        <DCCReference Include="Controller\Sistema\Server.Controller.Sistema.Login.pas">
            <Form>Login</Form>
            <DesignClass>TDSServerModule</DesignClass>
        </DCCReference>
        <DCCReference Include="Models\Cadastros\Server.Models.Cadastros.MotivosPausa.pas"/>
        <DCCReference Include="Models\Cadastros\Server.Models.Cadastros.PausasRealizadas.pas"/>
        <DCCReference Include="Models\Cadastros\Server.Models.Cadastros.FoneAreas.pas"/>
        <DCCReference Include="Models\Cadastros\Server.Models.Cadastros.ClientesGravar.pas"/>
        <DCCReference Include="Models\Ativo\Server.Models.Ativo.Agenda.pas"/>
        <DCCReference Include="Controller\Ativo\udmEmail.pas">
            <Form>dmEmail</Form>
            <DesignClass>TDataModule</DesignClass>
        </DCCReference>
        <DCCReference Include="Models\Cadastros\Server.Models.Cadastros.Grupos.pas"/>
        <DCCReference Include="Models\Cadastros\Server.Models.Cadastros.Midias.pas"/>
        <DCCReference Include="Models\Cadastros\Server.Models.Cadastros.Segmentos.pas"/>
        <DCCReference Include="Models\Cadastros\Server.Models.Cadastros.Contatos.pas"/>
        <DCCReference Include="Controller\Cadastro\Server.Controller.Cadastro.Cidades.pas">
            <Form>Cidades</Form>
            <DesignClass>TDSServerModule</DesignClass>
        </DCCReference>
        <DCCReference Include="Models\Cadastros\Server.Models.Cadastros.Cidades.pas"/>
        <DCCReference Include="Infotec.Ativo.Utils.pas"/>
        <DCCReference Include="Models\Cadastros\Server.Models.Cadastros.Campanhas.pas"/>
        <DCCReference Include="Models\Cadastros\Server.Models.Cadastros.Unidades.pas"/>
        <DCCReference Include="Utils\Infotec.Utils.pas"/>
        <BuildConfiguration Include="Release">
            <Key>Cfg_2</Key>
            <CfgParent>Base</CfgParent>
        </BuildConfiguration>
        <BuildConfiguration Include="Base">
            <Key>Base</Key>
        </BuildConfiguration>
        <BuildConfiguration Include="Debug">
            <Key>Cfg_1</Key>
            <CfgParent>Base</CfgParent>
        </BuildConfiguration>
    </ItemGroup>
    <ProjectExtensions>
        <Borland.Personality>Delphi.Personality.12</Borland.Personality>
        <Borland.ProjectType>Application</Borland.ProjectType>
        <BorlandProject>
            <Delphi.Personality>
                <Source>
                    <Source Name="MainSource">Server.Ativo.dpr</Source>
                </Source>
                <Excluded_Packages>
                    <Excluded_Packages Name="$(BDSBIN)\dcloffice2k250.bpl">Microsoft Office 2000 Sample Automation Server Wrapper Components</Excluded_Packages>
                    <Excluded_Packages Name="$(BDSBIN)\dclofficexp250.bpl">Microsoft Office XP Sample Automation Server Wrapper Components</Excluded_Packages>
                    <Excluded_Packages Name="C:\unj\Branches\Atual\pge-net\bin\edtD5CompletoDT.bpl">SAJ - EDT Componentes Design Time</Excluded_Packages>
                    <Excluded_Packages Name="C:\unj\Branches\Atual\pge-net\bin\spjd5CompletoDT.bpl">SAJ - SPJ Componentes Design Time</Excluded_Packages>
                </Excluded_Packages>
            </Delphi.Personality>
            <Deployment Version="3">
                <DeployFile LocalName="Win32\Debug\Server.Ativo.exe" Configuration="Debug" Class="ProjectOutput">
                    <Platform Name="Win32">
                        <RemoteName>Server_Ativo.exe</RemoteName>
                        <Overwrite>true</Overwrite>
                    </Platform>
                </DeployFile>
                <DeployFile LocalName="$(BDS)\Redist\osx32\libcgunwind.1.0.dylib" Class="DependencyModule">
                    <Platform Name="OSX32">
                        <Overwrite>true</Overwrite>
                    </Platform>
                </DeployFile>
                <DeployFile LocalName="$(BDS)\Redist\iossimulator\libcgunwind.1.0.dylib" Class="DependencyModule">
                    <Platform Name="iOSSimulator">
                        <Overwrite>true</Overwrite>
                    </Platform>
                </DeployFile>
                <DeployFile LocalName="$(BDS)\Redist\iossimulator\libPCRE.dylib" Class="DependencyModule">
                    <Platform Name="iOSSimulator">
                        <Overwrite>true</Overwrite>
                    </Platform>
                </DeployFile>
                <DeployFile LocalName="$(BDS)\Redist\osx32\libcgsqlite3.dylib" Class="DependencyModule">
                    <Platform Name="OSX32">
                        <Overwrite>true</Overwrite>
                    </Platform>
                </DeployFile>
                <DeployFile LocalName="Linux64\Debug\Server.Ativo" Configuration="Debug" Class="ProjectOutput">
                    <Platform Name="Linux64">
                        <RemoteName>Server_Ativo</RemoteName>
                        <Overwrite>true</Overwrite>
                    </Platform>
                </DeployFile>
                <DeployClass Name="AdditionalDebugSymbols">
                    <Platform Name="iOSSimulator">
                        <Operation>1</Operation>
                    </Platform>
                    <Platform Name="OSX32">
                        <RemoteDir>Contents\MacOS</RemoteDir>
                        <Operation>1</Operation>
                    </Platform>
                    <Platform Name="Win32">
                        <RemoteDir>Contents\MacOS</RemoteDir>
                        <Operation>0</Operation>
                    </Platform>
                </DeployClass>
                <DeployClass Name="AndroidClassesDexFile">
                    <Platform Name="Android">
                        <RemoteDir>classes</RemoteDir>
                        <Operation>1</Operation>
                    </Platform>
                </DeployClass>
                <DeployClass Name="AndroidGDBServer">
                    <Platform Name="Android">
                        <RemoteDir>library\lib\armeabi-v7a</RemoteDir>
                        <Operation>1</Operation>
                    </Platform>
                </DeployClass>
                <DeployClass Name="AndroidLibnativeArmeabiFile">
                    <Platform Name="Android">
                        <RemoteDir>library\lib\armeabi</RemoteDir>
                        <Operation>1</Operation>
                    </Platform>
                </DeployClass>
                <DeployClass Name="AndroidLibnativeMipsFile">
                    <Platform Name="Android">
                        <RemoteDir>library\lib\mips</RemoteDir>
                        <Operation>1</Operation>
                    </Platform>
                </DeployClass>
                <DeployClass Name="AndroidServiceOutput">
                    <Platform Name="Android">
                        <RemoteDir>library\lib\armeabi-v7a</RemoteDir>
                        <Operation>1</Operation>
                    </Platform>
                </DeployClass>
                <DeployClass Name="AndroidSplashImageDef">
                    <Platform Name="Android">
                        <RemoteDir>res\drawable</RemoteDir>
                        <Operation>1</Operation>
                    </Platform>
                </DeployClass>
                <DeployClass Name="AndroidSplashStyles">
                    <Platform Name="Android">
                        <RemoteDir>res\values</RemoteDir>
                        <Operation>1</Operation>
                    </Platform>
                </DeployClass>
                <DeployClass Name="Android_DefaultAppIcon">
                    <Platform Name="Android">
                        <RemoteDir>res\drawable</RemoteDir>
                        <Operation>1</Operation>
                    </Platform>
                </DeployClass>
                <DeployClass Name="Android_LauncherIcon144">
                    <Platform Name="Android">
                        <RemoteDir>res\drawable-xxhdpi</RemoteDir>
                        <Operation>1</Operation>
                    </Platform>
                </DeployClass>
                <DeployClass Name="Android_LauncherIcon36">
                    <Platform Name="Android">
                        <RemoteDir>res\drawable-ldpi</RemoteDir>
                        <Operation>1</Operation>
                    </Platform>
                </DeployClass>
                <DeployClass Name="Android_LauncherIcon48">
                    <Platform Name="Android">
                        <RemoteDir>res\drawable-mdpi</RemoteDir>
                        <Operation>1</Operation>
                    </Platform>
                </DeployClass>
                <DeployClass Name="Android_LauncherIcon72">
                    <Platform Name="Android">
                        <RemoteDir>res\drawable-hdpi</RemoteDir>
                        <Operation>1</Operation>
                    </Platform>
                </DeployClass>
                <DeployClass Name="Android_LauncherIcon96">
                    <Platform Name="Android">
                        <RemoteDir>res\drawable-xhdpi</RemoteDir>
                        <Operation>1</Operation>
                    </Platform>
                </DeployClass>
                <DeployClass Name="Android_SplashImage426">
                    <Platform Name="Android">
                        <RemoteDir>res\drawable-small</RemoteDir>
                        <Operation>1</Operation>
                    </Platform>
                </DeployClass>
                <DeployClass Name="Android_SplashImage470">
                    <Platform Name="Android">
                        <RemoteDir>res\drawable-normal</RemoteDir>
                        <Operation>1</Operation>
                    </Platform>
                </DeployClass>
                <DeployClass Name="Android_SplashImage640">
                    <Platform Name="Android">
                        <RemoteDir>res\drawable-large</RemoteDir>
                        <Operation>1</Operation>
                    </Platform>
                </DeployClass>
                <DeployClass Name="Android_SplashImage960">
                    <Platform Name="Android">
                        <RemoteDir>res\drawable-xlarge</RemoteDir>
                        <Operation>1</Operation>
                    </Platform>
                </DeployClass>
                <DeployClass Name="DebugSymbols">
                    <Platform Name="iOSSimulator">
                        <Operation>1</Operation>
                    </Platform>
                    <Platform Name="OSX32">
                        <RemoteDir>Contents\MacOS</RemoteDir>
                        <Operation>1</Operation>
                    </Platform>
                    <Platform Name="Win32">
                        <Operation>0</Operation>
                    </Platform>
                </DeployClass>
                <DeployClass Name="DependencyFramework">
                    <Platform Name="OSX32">
                        <RemoteDir>Contents\MacOS</RemoteDir>
                        <Operation>1</Operation>
                        <Extensions>.framework</Extensions>
                    </Platform>
                    <Platform Name="Win32">
                        <Operation>0</Operation>
                    </Platform>
                </DeployClass>
                <DeployClass Name="DependencyModule">
                    <Platform Name="iOSDevice32">
                        <Operation>1</Operation>
                        <Extensions>.dylib</Extensions>
                    </Platform>
                    <Platform Name="iOSDevice64">
                        <Operation>1</Operation>
                        <Extensions>.dylib</Extensions>
                    </Platform>
                    <Platform Name="iOSSimulator">
                        <Operation>1</Operation>
                        <Extensions>.dylib</Extensions>
                    </Platform>
                    <Platform Name="OSX32">
                        <RemoteDir>Contents\MacOS</RemoteDir>
                        <Operation>1</Operation>
                        <Extensions>.dylib</Extensions>
                    </Platform>
                    <Platform Name="Win32">
                        <Operation>0</Operation>
                        <Extensions>.dll;.bpl</Extensions>
                    </Platform>
                </DeployClass>
                <DeployClass Required="true" Name="DependencyPackage">
                    <Platform Name="iOSDevice32">
                        <Operation>1</Operation>
                        <Extensions>.dylib</Extensions>
                    </Platform>
                    <Platform Name="iOSDevice64">
                        <Operation>1</Operation>
                        <Extensions>.dylib</Extensions>
                    </Platform>
                    <Platform Name="iOSSimulator">
                        <Operation>1</Operation>
                        <Extensions>.dylib</Extensions>
                    </Platform>
                    <Platform Name="OSX32">
                        <RemoteDir>Contents\MacOS</RemoteDir>
                        <Operation>1</Operation>
                        <Extensions>.dylib</Extensions>
                    </Platform>
                    <Platform Name="Win32">
                        <Operation>0</Operation>
                        <Extensions>.bpl</Extensions>
                    </Platform>
                </DeployClass>
                <DeployClass Name="File">
                    <Platform Name="Android">
                        <Operation>0</Operation>
                    </Platform>
                    <Platform Name="iOSDevice32">
                        <Operation>0</Operation>
                    </Platform>
                    <Platform Name="iOSDevice64">
                        <Operation>0</Operation>
                    </Platform>
                    <Platform Name="iOSSimulator">
                        <Operation>0</Operation>
                    </Platform>
                    <Platform Name="OSX32">
                        <RemoteDir>Contents\Resources\StartUp\</RemoteDir>
                        <Operation>0</Operation>
                    </Platform>
                    <Platform Name="Win32">
                        <Operation>0</Operation>
                    </Platform>
                </DeployClass>
                <DeployClass Name="iPad_Launch1024">
                    <Platform Name="iOSDevice32">
                        <Operation>1</Operation>
                    </Platform>
                    <Platform Name="iOSDevice64">
                        <Operation>1</Operation>
                    </Platform>
                    <Platform Name="iOSSimulator">
                        <Operation>1</Operation>
                    </Platform>
                </DeployClass>
                <DeployClass Name="iPad_Launch1536">
                    <Platform Name="iOSDevice32">
                        <Operation>1</Operation>
                    </Platform>
                    <Platform Name="iOSDevice64">
                        <Operation>1</Operation>
                    </Platform>
                    <Platform Name="iOSSimulator">
                        <Operation>1</Operation>
                    </Platform>
                </DeployClass>
                <DeployClass Name="iPad_Launch2048">
                    <Platform Name="iOSDevice32">
                        <Operation>1</Operation>
                    </Platform>
                    <Platform Name="iOSDevice64">
                        <Operation>1</Operation>
                    </Platform>
                    <Platform Name="iOSSimulator">
                        <Operation>1</Operation>
                    </Platform>
                </DeployClass>
                <DeployClass Name="iPad_Launch768">
                    <Platform Name="iOSDevice32">
                        <Operation>1</Operation>
                    </Platform>
                    <Platform Name="iOSDevice64">
                        <Operation>1</Operation>
                    </Platform>
                    <Platform Name="iOSSimulator">
                        <Operation>1</Operation>
                    </Platform>
                </DeployClass>
                <DeployClass Name="iPhone_Launch320">
                    <Platform Name="iOSDevice32">
                        <Operation>1</Operation>
                    </Platform>
                    <Platform Name="iOSDevice64">
                        <Operation>1</Operation>
                    </Platform>
                    <Platform Name="iOSSimulator">
                        <Operation>1</Operation>
                    </Platform>
                </DeployClass>
                <DeployClass Name="iPhone_Launch640">
                    <Platform Name="iOSDevice32">
                        <Operation>1</Operation>
                    </Platform>
                    <Platform Name="iOSDevice64">
                        <Operation>1</Operation>
                    </Platform>
                    <Platform Name="iOSSimulator">
                        <Operation>1</Operation>
                    </Platform>
                </DeployClass>
                <DeployClass Name="iPhone_Launch640x1136">
                    <Platform Name="iOSDevice32">
                        <Operation>1</Operation>
                    </Platform>
                    <Platform Name="iOSDevice64">
                        <Operation>1</Operation>
                    </Platform>
                    <Platform Name="iOSSimulator">
                        <Operation>1</Operation>
                    </Platform>
                </DeployClass>
                <DeployClass Name="ProjectAndroidManifest">
                    <Platform Name="Android">
                        <Operation>1</Operation>
                    </Platform>
                </DeployClass>
                <DeployClass Name="ProjectiOSDeviceDebug">
                    <Platform Name="iOSDevice32">
                        <RemoteDir>..\$(PROJECTNAME).app.dSYM\Contents\Resources\DWARF</RemoteDir>
                        <Operation>1</Operation>
                    </Platform>
                    <Platform Name="iOSDevice64">
                        <RemoteDir>..\$(PROJECTNAME).app.dSYM\Contents\Resources\DWARF</RemoteDir>
                        <Operation>1</Operation>
                    </Platform>
                </DeployClass>
                <DeployClass Name="ProjectiOSDeviceResourceRules">
                    <Platform Name="iOSDevice32">
                        <Operation>1</Operation>
                    </Platform>
                    <Platform Name="iOSDevice64">
                        <Operation>1</Operation>
                    </Platform>
                </DeployClass>
                <DeployClass Name="ProjectiOSEntitlements">
                    <Platform Name="iOSDevice32">
                        <RemoteDir>..\</RemoteDir>
                        <Operation>1</Operation>
                    </Platform>
                    <Platform Name="iOSDevice64">
                        <RemoteDir>..\</RemoteDir>
                        <Operation>1</Operation>
                    </Platform>
                </DeployClass>
                <DeployClass Name="ProjectiOSInfoPList">
                    <Platform Name="iOSDevice32">
                        <Operation>1</Operation>
                    </Platform>
                    <Platform Name="iOSDevice64">
                        <Operation>1</Operation>
                    </Platform>
                    <Platform Name="iOSSimulator">
                        <Operation>1</Operation>
                    </Platform>
                </DeployClass>
                <DeployClass Name="ProjectiOSResource">
                    <Platform Name="iOSDevice32">
                        <Operation>1</Operation>
                    </Platform>
                    <Platform Name="iOSDevice64">
                        <Operation>1</Operation>
                    </Platform>
                    <Platform Name="iOSSimulator">
                        <Operation>1</Operation>
                    </Platform>
                </DeployClass>
                <DeployClass Name="ProjectOSXEntitlements">
                    <Platform Name="OSX32">
                        <RemoteDir>..\</RemoteDir>
                        <Operation>1</Operation>
                    </Platform>
                </DeployClass>
                <DeployClass Name="ProjectOSXInfoPList">
                    <Platform Name="OSX32">
                        <RemoteDir>Contents</RemoteDir>
                        <Operation>1</Operation>
                    </Platform>
                </DeployClass>
                <DeployClass Name="ProjectOSXResource">
                    <Platform Name="OSX32">
                        <RemoteDir>Contents\Resources</RemoteDir>
                        <Operation>1</Operation>
                    </Platform>
                </DeployClass>
                <DeployClass Required="true" Name="ProjectOutput">
                    <Platform Name="Android">
                        <RemoteDir>library\lib\armeabi-v7a</RemoteDir>
                        <Operation>1</Operation>
                    </Platform>
                    <Platform Name="iOSDevice32">
                        <Operation>1</Operation>
                    </Platform>
                    <Platform Name="iOSDevice64">
                        <Operation>1</Operation>
                    </Platform>
                    <Platform Name="iOSSimulator">
                        <Operation>1</Operation>
                    </Platform>
                    <Platform Name="Linux64">
                        <Operation>1</Operation>
                    </Platform>
                    <Platform Name="OSX32">
                        <RemoteDir>Contents\MacOS</RemoteDir>
                        <Operation>1</Operation>
                    </Platform>
                    <Platform Name="Win32">
                        <Operation>0</Operation>
                    </Platform>
                </DeployClass>
                <DeployClass Name="ProjectUWPManifest">
                    <Platform Name="Win32">
                        <Operation>1</Operation>
                    </Platform>
                    <Platform Name="Win64">
                        <Operation>1</Operation>
                    </Platform>
                </DeployClass>
                <DeployClass Name="UWP_DelphiLogo150">
                    <Platform Name="Win32">
                        <RemoteDir>Assets</RemoteDir>
                        <Operation>1</Operation>
                    </Platform>
                    <Platform Name="Win64">
                        <RemoteDir>Assets</RemoteDir>
                        <Operation>1</Operation>
                    </Platform>
                </DeployClass>
                <DeployClass Name="UWP_DelphiLogo44">
                    <Platform Name="Win32">
                        <RemoteDir>Assets</RemoteDir>
                        <Operation>1</Operation>
                    </Platform>
                    <Platform Name="Win64">
                        <RemoteDir>Assets</RemoteDir>
                        <Operation>1</Operation>
                    </Platform>
                </DeployClass>
                <ProjectRoot Platform="iOSDevice64" Name="$(PROJECTNAME).app"/>
                <ProjectRoot Platform="Win64" Name="$(PROJECTNAME)"/>
                <ProjectRoot Platform="iOSDevice32" Name="$(PROJECTNAME).app"/>
                <ProjectRoot Platform="Linux64" Name="$(PROJECTNAME)"/>
                <ProjectRoot Platform="Win32" Name="$(PROJECTNAME)"/>
                <ProjectRoot Platform="OSX32" Name="$(PROJECTNAME).app"/>
                <ProjectRoot Platform="Android" Name="$(PROJECTNAME)"/>
                <ProjectRoot Platform="iOSSimulator" Name="$(PROJECTNAME).app"/>
            </Deployment>
            <Platforms>
                <Platform value="Android">False</Platform>
                <Platform value="iOSDevice32">False</Platform>
                <Platform value="iOSDevice64">False</Platform>
                <Platform value="iOSSimulator">False</Platform>
                <Platform value="Linux64">True</Platform>
                <Platform value="OSX32">False</Platform>
                <Platform value="Win32">True</Platform>
                <Platform value="Win64">True</Platform>
            </Platforms>
        </BorlandProject>
        <ProjectFileVersion>12</ProjectFileVersion>
    </ProjectExtensions>
    <Import Project="$(BDS)\Bin\CodeGear.Delphi.Targets" Condition="Exists('$(BDS)\Bin\CodeGear.Delphi.Targets')"/>
    <Import Project="$(APPDATA)\Embarcadero\$(BDSAPPDATABASEDIR)\$(PRODUCTVERSION)\UserTools.proj" Condition="Exists('$(APPDATA)\Embarcadero\$(BDSAPPDATABASEDIR)\$(PRODUCTVERSION)\UserTools.proj')"/>
    <Import Project="$(MSBuildProjectName).deployproj" Condition="Exists('$(MSBuildProjectName).deployproj')"/>
</Project>
